<?xml version="1.0" encoding="UTF-8"?>
<CONFIG>
  <ProjectOptions>
    <Version Value="12"/>
    <PathDelim Value="\"/>
    <General>
      <Flags>
        <MainUnitHasUsesSectionForAllUnits Value="False"/>
        <MainUnitHasCreateFormStatements Value="False"/>
        <MainUnitHasTitleStatement Value="False"/>
        <CompatibilityMode Value="True"/>
      </Flags>
      <Title Value="modelshellv654"/>
      <Scaled Value="True"/>
      <ResourceType Value="res"/>
      <UseXPManifest Value="True"/>
      <XPManifest>
        <DpiAware Value="True"/>
      </XPManifest>
      <Icon Value="0"/>
    </General>
    <LazDoc Paths="."/>
    <i18n>
      <EnableI18N LFM="False"/>
    </i18n>
    <BuildModes Count="1" Active="Default">
      <Item1 Name="Default" Default="True"/>
    </BuildModes>
    <PublishOptions>
      <Version Value="2"/>
    </PublishOptions>
    <RunParams>
      <FormatVersion Value="2"/>
      <Modes Count="1">
        <Mode0 Name="default"/>
      </Modes>
    </RunParams>
    <RequiredPackages Count="3">
      <Item1>
        <PackageName Value="Printer4Lazarus"/>
        <MinVersion Minor="5" Valid="True"/>
      </Item1>
      <Item2>
        <PackageName Value="TAChartLazarusPkg"/>
        <MinVersion Major="1" Valid="True"/>
      </Item2>
      <Item3>
        <PackageName Value="LCL"/>
      </Item3>
    </RequiredPackages>
    <Units Count="20">
      <Unit0>
        <Filename Value="modelshellv654.lpr"/>
        <IsPartOfProject Value="True"/>
        <EditorIndex Value="2"/>
        <CursorPos Y="48"/>
        <UsageCount Value="248"/>
        <Loaded Value="True"/>
      </Unit0>
      <Unit1>
        <Filename Value="frontend.pas"/>
        <IsPartOfProject Value="True"/>
        <ComponentName Value="FmShellMain"/>
        <HasResources Value="True"/>
        <ResourceBaseClass Value="Form"/>
        <IsVisibleTab Value="True"/>
        <TopLine Value="754"/>
        <CursorPos Y="776"/>
        <UsageCount Value="248"/>
        <Loaded Value="True"/>
        <LoadedDesigner Value="True"/>
      </Unit1>
      <Unit2>
        <Filename Value="aboutbox.pas"/>
        <IsPartOfProject Value="True"/>
        <ComponentName Value="FmAbout"/>
        <HasResources Value="True"/>
        <ResourceBaseClass Value="Form"/>
        <EditorIndex Value="-1"/>
        <CursorPos X="74" Y="16"/>
        <UsageCount Value="248"/>
        <DefaultSyntaxHighlighter Value="Delphi"/>
      </Unit2>
      <Unit3>
        <Filename Value="trouble.pas"/>
        <IsPartOfProject Value="True"/>
        <ComponentName Value="FmTrouble"/>
        <HasResources Value="True"/>
        <ResourceBaseClass Value="Form"/>
        <UnitName Value="TROUBLE"/>
        <EditorIndex Value="1"/>
        <CursorPos X="29" Y="14"/>
        <UsageCount Value="248"/>
        <Loaded Value="True"/>
      </Unit3>
      <Unit4>
        <Filename Value="data.pas"/>
        <IsPartOfProject Value="True"/>
        <ComponentName Value="DataForm"/>
        <HasResources Value="True"/>
        <ResourceBaseClass Value="Form"/>
        <EditorIndex Value="-1"/>
        <TopLine Value="222"/>
        <CursorPos X="32" Y="136"/>
        <UsageCount Value="248"/>
        <DefaultSyntaxHighlighter Value="Delphi"/>
      </Unit4>
      <Unit5>
        <Filename Value="equations.pas"/>
        <IsPartOfProject Value="True"/>
        <EditorIndex Value="3"/>
        <TopLine Value="7119"/>
        <CursorPos X="33" Y="7140"/>
        <UsageCount Value="248"/>
        <Loaded Value="True"/>
      </Unit5>
      <Unit6>
        <Filename Value="fileio.pas"/>
        <IsPartOfProject Value="True"/>
        <EditorIndex Value="7"/>
        <CursorPos X="63" Y="34"/>
        <UsageCount Value="248"/>
        <Loaded Value="True"/>
      </Unit6>
      <Unit7>
        <Filename Value="integrator.pas"/>
        <IsPartOfProject Value="True"/>
        <EditorIndex Value="-1"/>
        <TopLine Value="65"/>
        <CursorPos X="64" Y="80"/>
        <UsageCount Value="248"/>
        <DefaultSyntaxHighlighter Value="Delphi"/>
      </Unit7>
      <Unit8>
        <Filename Value="note.pas"/>
        <IsPartOfProject Value="True"/>
        <ComponentName Value="FmNote"/>
        <HasResources Value="True"/>
        <ResourceBaseClass Value="Form"/>
        <EditorIndex Value="-1"/>
        <TopLine Value="102"/>
        <CursorPos X="14" Y="117"/>
        <UsageCount Value="248"/>
        <DefaultSyntaxHighlighter Value="Delphi"/>
      </Unit8>
      <Unit9>
        <Filename Value="Options.pas"/>
        <IsPartOfProject Value="True"/>
        <ComponentName Value="FmOptions"/>
        <HasResources Value="True"/>
        <ResourceBaseClass Value="Form"/>
        <EditorIndex Value="6"/>
        <TopLine Value="152"/>
        <CursorPos X="22" Y="171"/>
        <UsageCount Value="248"/>
        <Loaded Value="True"/>
      </Unit9>
      <Unit10>
        <Filename Value="ParamList.pas"/>
        <IsPartOfProject Value="True"/>
        <ComponentName Value="FmParamList"/>
        <HasResources Value="True"/>
        <ResourceBaseClass Value="Form"/>
        <EditorIndex Value="-1"/>
        <TopLine Value="60"/>
        <CursorPos X="59" Y="62"/>
        <UsageCount Value="248"/>
        <DefaultSyntaxHighlighter Value="Delphi"/>
      </Unit10>
      <Unit11>
        <Filename Value="ProgressBar.pas"/>
        <IsPartOfProject Value="True"/>
        <ComponentName Value="FmProgress"/>
        <HasResources Value="True"/>
        <ResourceBaseClass Value="Form"/>
        <EditorIndex Value="-1"/>
        <CursorPos Y="55"/>
        <UsageCount Value="248"/>
        <DefaultSyntaxHighlighter Value="Delphi"/>
      </Unit11>
      <Unit12>
        <Filename Value="ReloadDlg.pas"/>
        <IsPartOfProject Value="True"/>
        <ComponentName Value="DlgReload"/>
        <HasResources Value="True"/>
        <ResourceBaseClass Value="Form"/>
        <EditorIndex Value="-1"/>
        <TopLine Value="7"/>
        <CursorPos X="9" Y="69"/>
        <UsageCount Value="248"/>
        <DefaultSyntaxHighlighter Value="Delphi"/>
      </Unit12>
      <Unit13>
        <Filename Value="ScaleDlg.pas"/>
        <IsPartOfProject Value="True"/>
        <ComponentName Value="DlgScale"/>
        <HasResources Value="True"/>
        <ResourceBaseClass Value="Form"/>
        <EditorIndex Value="4"/>
        <TopLine Value="52"/>
        <CursorPos X="27" Y="60"/>
        <UsageCount Value="248"/>
        <Loaded Value="True"/>
      </Unit13>
      <Unit14>
        <Filename Value="SeriesForm.pas"/>
        <IsPartOfProject Value="True"/>
        <ComponentName Value="FmSeries"/>
        <HasResources Value="True"/>
        <ResourceBaseClass Value="Form"/>
        <EditorIndex Value="-1"/>
        <TopLine Value="63"/>
        <CursorPos X="65" Y="88"/>
        <UsageCount Value="248"/>
        <DefaultSyntaxHighlighter Value="Delphi"/>
      </Unit14>
      <Unit15>
        <Filename Value="stypes.pas"/>
        <IsPartOfProject Value="True"/>
        <EditorIndex Value="8"/>
        <TopLine Value="109"/>
        <CursorPos Y="151"/>
        <UsageCount Value="248"/>
        <Loaded Value="True"/>
      </Unit15>
      <Unit16>
        <Filename Value="calculate.pas"/>
        <IsPartOfProject Value="True"/>
        <ComponentName Value="FmCalculate"/>
        <HasResources Value="True"/>
        <ResourceBaseClass Value="Form"/>
        <EditorIndex Value="-1"/>
        <CursorPos X="36" Y="65"/>
        <UsageCount Value="248"/>
        <DefaultSyntaxHighlighter Value="Delphi"/>
      </Unit16>
      <Unit17>
        <Filename Value="display.pas"/>
        <IsPartOfProject Value="True"/>
        <ComponentName Value="FmDisplayOutput"/>
        <HasResources Value="True"/>
        <ResourceBaseClass Value="Form"/>
        <UnitName Value="Display"/>
        <EditorIndex Value="5"/>
        <TopLine Value="749"/>
        <CursorPos Y="772"/>
        <UsageCount Value="270"/>
        <Loaded Value="True"/>
      </Unit17>
      <Unit18>
        <Filename Value="parameter.pas"/>
        <IsPartOfProject Value="True"/>
        <ComponentName Value="FmParameter"/>
        <HasResources Value="True"/>
        <ResourceBaseClass Value="Form"/>
        <EditorIndex Value="-1"/>
        <TopLine Value="136"/>
        <CursorPos X="43" Y="157"/>
        <UsageCount Value="230"/>
        <DefaultSyntaxHighlighter Value="Delphi"/>
      </Unit18>
      <Unit19>
        <Filename Value="C:\lazarusv2.2.6\lcl\grids.pas"/>
        <UnitName Value="Grids"/>
        <EditorIndex Value="-1"/>
        <TopLine Value="10112"/>
        <CursorPos Y="10129"/>
        <UsageCount Value="50"/>
      </Unit19>
    </Units>
    <JumpHistory Count="30" HistoryIndex="29">
      <Position1>
        <Filename Value="frontend.pas"/>
        <Caret Line="709" TopLine="694"/>
      </Position1>
      <Position2>
        <Filename Value="frontend.pas"/>
        <Caret Line="712" TopLine="694"/>
      </Position2>
      <Position3>
        <Filename Value="frontend.pas"/>
        <Caret Line="716" TopLine="694"/>
      </Position3>
      <Position4>
        <Filename Value="frontend.pas"/>
        <Caret Line="717" TopLine="694"/>
      </Position4>
      <Position5>
        <Filename Value="frontend.pas"/>
        <Caret Line="709" TopLine="694"/>
      </Position5>
      <Position6>
        <Filename Value="frontend.pas"/>
        <Caret Line="710" TopLine="694"/>
      </Position6>
      <Position7>
        <Filename Value="frontend.pas"/>
        <Caret Line="726" TopLine="694"/>
      </Position7>
      <Position8>
        <Filename Value="frontend.pas"/>
        <Caret Line="730" TopLine="694"/>
      </Position8>
      <Position9>
        <Filename Value="frontend.pas"/>
        <Caret Line="736" TopLine="699"/>
      </Position9>
      <Position10>
        <Filename Value="frontend.pas"/>
        <Caret Line="765" TopLine="743"/>
      </Position10>
      <Position11>
        <Filename Value="frontend.pas"/>
        <Caret Line="707" TopLine="675"/>
      </Position11>
      <Position12>
        <Filename Value="frontend.pas"/>
        <Caret Line="709" TopLine="675"/>
      </Position12>
      <Position13>
        <Filename Value="frontend.pas"/>
        <Caret Line="707" TopLine="675"/>
      </Position13>
      <Position14>
        <Filename Value="frontend.pas"/>
        <Caret Line="661" Column="51" TopLine="632"/>
      </Position14>
      <Position15>
        <Filename Value="frontend.pas"/>
        <Caret Line="663" Column="45" TopLine="632"/>
      </Position15>
      <Position16>
        <Filename Value="frontend.pas"/>
        <Caret Line="668" Column="85" TopLine="632"/>
      </Position16>
      <Position17>
        <Filename Value="frontend.pas"/>
        <Caret Line="682" Column="77" TopLine="645"/>
      </Position17>
      <Position18>
        <Filename Value="frontend.pas"/>
        <Caret Line="684" Column="94" TopLine="647"/>
      </Position18>
      <Position19>
        <Filename Value="frontend.pas"/>
        <Caret Line="687" Column="55" TopLine="650"/>
      </Position19>
      <Position20>
        <Filename Value="frontend.pas"/>
        <Caret Line="688" Column="59" TopLine="651"/>
      </Position20>
      <Position21>
        <Filename Value="frontend.pas"/>
        <Caret Line="712" Column="86" TopLine="618"/>
      </Position21>
      <Position22>
        <Filename Value="frontend.pas"/>
        <Caret Line="917" Column="29" TopLine="879"/>
      </Position22>
      <Position23>
        <Filename Value="frontend.pas"/>
        <Caret Line="918" Column="31" TopLine="880"/>
      </Position23>
      <Position24>
        <Filename Value="frontend.pas"/>
        <Caret Line="919" Column="26" TopLine="882"/>
      </Position24>
      <Position25>
        <Filename Value="frontend.pas"/>
        <Caret Line="100" Column="25" TopLine="78"/>
      </Position25>
      <Position26>
        <Filename Value="Options.pas"/>
        <Caret Line="164" Column="55" TopLine="152"/>
      </Position26>
      <Position27>
        <Filename Value="frontend.pas"/>
        <Caret Line="193" TopLine="150"/>
      </Position27>
      <Position28>
        <Filename Value="frontend.pas"/>
        <Caret Line="707" TopLine="685"/>
      </Position28>
      <Position29>
        <Filename Value="frontend.pas"/>
        <Caret Line="709" TopLine="685"/>
      </Position29>
      <Position30>
        <Filename Value="Options.pas"/>
        <Caret Line="171" Column="22" TopLine="152"/>
      </Position30>
    </JumpHistory>
  </ProjectOptions>
  <CompilerOptions>
    <Version Value="11"/>
    <PathDelim Value="\"/>
    <SearchPaths>
      <IncludeFiles Value="$(ProjOutDir)"/>
    </SearchPaths>
    <Parsing>
      <SyntaxOptions>
        <SyntaxMode Value="Delphi"/>
      </SyntaxOptions>
    </Parsing>
    <CodeGeneration>
      <Checks>
        <IOChecks Value="True"/>
        <RangeChecks Value="True"/>
      </Checks>
    </CodeGeneration>
    <Linking>
      <Debugging>
        <DebugInfoType Value="dsDwarf2Set"/>
      </Debugging>
      <Options>
        <Win32>
          <GraphicApplication Value="True"/>
        </Win32>
      </Options>
    </Linking>
    <Other>
      <Verbosity>
        <ShowLineNum Value="True"/>
      </Verbosity>
    </Other>
  </CompilerOptions>
  <Debugging>
    <BreakPoints Count="1">
      <Item1>
        <Kind Value="bpkSource"/>
        <WatchScope Value="wpsGlobal"/>
        <WatchKind Value="wpkWrite"/>
      </Item1>
    </BreakPoints>
    <Watches Count="4">
      <Item1>
        <Expression Value="windowheight"/>
      </Item1>
      <Item2>
        <Expression Value="windowwidth"/>
      </Item2>
      <Item3>
        <Expression Value="sender"/>
      </Item3>
      <Item4>
        <Expression Value="Fmoptions.runoptions"/>
      </Item4>
    </Watches>
    <Exceptions Count="3">
      <Item1>
        <Name Value="EAbort"/>
      </Item1>
      <Item2>
        <Name Value="ECodetoolError"/>
      </Item2>
      <Item3>
        <Name Value="EFOpenError"/>
      </Item3>
    </Exceptions>
  </Debugging>
</CONFIG>
